// !$*UTF8*$!
{
	archiveVersion = 1;
	classes = {
	};
	objectVersion = 46;
	objects = {

/* Begin PBXBuildFile section */
		8478D6C81AA75D3E0051E67D /* main.m in Sources */ = {isa = PBXBuildFile; fileRef = 8478D6C71AA75D3E0051E67D /* main.m */; };
		8478D6CB1AA75D3E0051E67D /* AppDelegate.m in Sources */ = {isa = PBXBuildFile; fileRef = 8478D6CA1AA75D3E0051E67D /* AppDelegate.m */; };
		8478D6CE1AA75D3E0051E67D /* ViewController.m in Sources */ = {isa = PBXBuildFile; fileRef = 8478D6CD1AA75D3E0051E67D /* ViewController.m */; };
		8478D6D11AA75D3E0051E67D /* Main.storyboard in Resources */ = {isa = PBXBuildFile; fileRef = 8478D6CF1AA75D3E0051E67D /* Main.storyboard */; };
		8478D6D31AA75D3E0051E67D /* Images.xcassets in Resources */ = {isa = PBXBuildFile; fileRef = 8478D6D21AA75D3E0051E67D /* Images.xcassets */; };
		8478D6D61AA75D3E0051E67D /* LaunchScreen.xib in Resources */ = {isa = PBXBuildFile; fileRef = 8478D6D41AA75D3E0051E67D /* LaunchScreen.xib */; };
		8478D6E21AA75D3E0051E67D /* TableHeaderViewTests.m in Sources */ = {isa = PBXBuildFile; fileRef = 8478D6E11AA75D3E0051E67D /* TableHeaderViewTests.m */; };
/* End PBXBuildFile section */

/* Begin PBXContainerItemProxy section */
		8478D6DC1AA75D3E0051E67D /* PBXContainerItemProxy */ = {
			isa = PBXContainerItemProxy;
			containerPortal = 8478D6BA1AA75D3D0051E67D /* Project object */;
			proxyType = 1;
			remoteGlobalIDString = 8478D6C11AA75D3D0051E67D;
			remoteInfo = TableHeaderView;
		};
/* End PBXContainerItemProxy section */

/* Begin PBXFileReference section */
		8478D6C21AA75D3D0051E67D /* TableHeaderView.app */ = {isa = PBXFileReference; explicitFileType = wrapper.application; includeInIndex = 0; path = TableHeaderView.app; sourceTree = BUILT_PRODUCTS_DIR; };
		8478D6C61AA75D3E0051E67D /* Info.plist */ = {isa = PBXFileReference; lastKnownFileType = text.plist.xml; path = Info.plist; sourceTree = "<group>"; };
		8478D6C71AA75D3E0051E67D /* main.m */ = {isa = PBXFileReference; lastKnownFileType = sourcecode.c.objc; path = main.m; sourceTree = "<group>"; };
		8478D6C91AA75D3E0051E67D /* AppDelegate.h */ = {isa = PBXFileReference; lastKnownFileType = sourcecode.c.h; path = AppDelegate.h; sourceTree = "<group>"; };
		8478D6CA1AA75D3E0051E67D /* AppDelegate.m */ = {isa = PBXFileReference; lastKnownFileType = sourcecode.c.objc; path = AppDelegate.m; sourceTree = "<group>"; };
		8478D6CC1AA75D3E0051E67D /* ViewController.h */ = {isa = PBXFileReference; lastKnownFileType = sourcecode.c.h; path = ViewController.h; sourceTree = "<group>"; };
		8478D6CD1AA75D3E0051E67D /* ViewController.m */ = {isa = PBXFileReference; lastKnownFileType = sourcecode.c.objc; path = ViewController.m; sourceTree = "<group>"; };
		8478D6D01AA75D3E0051E67D /* Base */ = {isa = PBXFileReference; lastKnownFileType = file.storyboard; name = Base; path = Base.lproj/Main.storyboard; sourceTree = "<group>"; };
		8478D6D21AA75D3E0051E67D /* Images.xcassets */ = {isa = PBXFileReference; lastKnownFileType = folder.assetcatalog; path = Images.xcassets; sourceTree = "<group>"; };
		8478D6D51AA75D3E0051E67D /* Base */ = {isa = PBXFileReference; lastKnownFileType = file.xib; name = Base; path = Base.lproj/LaunchScreen.xib; sourceTree = "<group>"; };
		8478D6DB1AA75D3E0051E67D /* TableHeaderViewTests.xctest */ = {isa = PBXFileReference; explicitFileType = wrapper.cfbundle; includeInIndex = 0; path = TableHeaderViewTests.xctest; sourceTree = BUILT_PRODUCTS_DIR; };
		8478D6E01AA75D3E0051E67D /* Info.plist */ = {isa = PBXFileReference; lastKnownFileType = text.plist.xml; path = Info.plist; sourceTree = "<group>"; };
		8478D6E11AA75D3E0051E67D /* TableHeaderViewTests.m */ = {isa = PBXFileReference; lastKnownFileType = sourcecode.c.objc; path = TableHeaderViewTests.m; sourceTree = "<group>"; };
/* End PBXFileReference section */

/* Begin PBXFrameworksBuildPhase section */
		8478D6BF1AA75D3D0051E67D /* Frameworks */ = {
			isa = PBXFrameworksBuildPhase;
			buildActionMask = 2147483647;
			files = (
			);
			runOnlyForDeploymentPostprocessing = 0;
		};
		8478D6D81AA75D3E0051E67D /* Frameworks */ = {
			isa = PBXFrameworksBuildPhase;
			buildActionMask = 2147483647;
			files = (
			);
			runOnlyForDeploymentPostprocessing = 0;
		};
/* End PBXFrameworksBuildPhase section */

/* Begin PBXGroup section */
		8478D6B91AA75D3D0051E67D = {
			isa = PBXGroup;
			children = (
				8478D6C41AA75D3D0051E67D /* TableHeaderView */,
				8478D6DE1AA75D3E0051E67D /* TableHeaderViewTests */,
				8478D6C31AA75D3D0051E67D /* Products */,
			);
			sourceTree = "<group>";
		};
		8478D6C31AA75D3D0051E67D /* Products */ = {
			isa = PBXGroup;
			children = (
				8478D6C21AA75D3D0051E67D /* TableHeaderView.app */,
				8478D6DB1AA75D3E0051E67D /* TableHeaderViewTests.xctest */,
			);
			name = Products;
			sourceTree = "<group>";
		};
		8478D6C41AA75D3D0051E67D /* TableHeaderView */ = {
			isa = PBXGroup;
			children = (
				8478D6C91AA75D3E0051E67D /* AppDelegate.h */,
				8478D6CA1AA75D3E0051E67D /* AppDelegate.m */,
				8478D6CC1AA75D3E0051E67D /* ViewController.h */,
				8478D6CD1AA75D3E0051E67D /* ViewController.m */,
				8478D6CF1AA75D3E0051E67D /* Main.storyboard */,
				8478D6D21AA75D3E0051E67D /* Images.xcassets */,
				8478D6D41AA75D3E0051E67D /* LaunchScreen.xib */,
				8478D6C51AA75D3E0051E67D /* Supporting Files */,
			);
			path = TableHeaderView;
			sourceTree = "<group>";
		};
		8478D6C51AA75D3E0051E67D /* Supporting Files */ = {
			isa = PBXGroup;
			children = (
				8478D6C61AA75D3E0051E67D /* Info.plist */,
				8478D6C71AA75D3E0051E67D /* main.m */,
			);
			name = "Supporting Files";
			sourceTree = "<group>";
		};
		8478D6DE1AA75D3E0051E67D /* TableHeaderViewTests */ = {
			isa = PBXGroup;
			children = (
				8478D6E11AA75D3E0051E67D /* TableHeaderViewTests.m */,
				8478D6DF1AA75D3E0051E67D /* Supporting Files */,
			);
			path = TableHeaderViewTests;
			sourceTree = "<group>";
		};
		8478D6DF1AA75D3E0051E67D /* Supporting Files */ = {
			isa = PBXGroup;
			children = (
				8478D6E01AA75D3E0051E67D /* Info.plist */,
			);
			name = "Supporting Files";
			sourceTree = "<group>";
		};
/* End PBXGroup section */

/* Begin PBXNativeTarget section */
		8478D6C11AA75D3D0051E67D /* TableHeaderView */ = {
			isa = PBXNativeTarget;
			buildConfigurationList = 8478D6E51AA75D3E0051E67D /* Build configuration list for PBXNativeTarget "TableHeaderView" */;
			buildPhases = (
				8478D6BE1AA75D3D0051E67D /* Sources */,
				8478D6BF1AA75D3D0051E67D /* Frameworks */,
				8478D6C01AA75D3D0051E67D /* Resources */,
			);
			buildRules = (
			);
			dependencies = (
			);
			name = TableHeaderView;
			productName = TableHeaderView;
			productReference = 8478D6C21AA75D3D0051E67D /* TableHeaderView.app */;
			productType = "com.apple.product-type.application";
		};
		8478D6DA1AA75D3E0051E67D /* TableHeaderViewTests */ = {
			isa = PBXNativeTarget;
			buildConfigurationList = 8478D6E81AA75D3E0051E67D /* Build configuration list for PBXNativeTarget "TableHeaderViewTests" */;
			buildPhases = (
				8478D6D71AA75D3E0051E67D /* Sources */,
				8478D6D81AA75D3E0051E67D /* Frameworks */,
				8478D6D91AA75D3E0051E67D /* Resources */,
			);
			buildRules = (
			);
			dependencies = (
				8478D6DD1AA75D3E0051E67D /* PBXTargetDependency */,
			);
			name = TableHeaderViewTests;
			productName = TableHeaderViewTests;
			productReference = 8478D6DB1AA75D3E0051E67D /* TableHeaderViewTests.xctest */;
			productType = "com.apple.product-type.bundle.unit-test";
		};
/* End PBXNativeTarget section */

/* Begin PBXProject section */
		8478D6BA1AA75D3D0051E67D /* Project object */ = {
			isa = PBXProject;
			attributes = {
				LastUpgradeCheck = 0610;
				ORGANIZATIONNAME = esd;
				TargetAttributes = {
					8478D6C11AA75D3D0051E67D = {
						CreatedOnToolsVersion = 6.1.1;
					};
					8478D6DA1AA75D3E0051E67D = {
						CreatedOnToolsVersion = 6.1.1;
						TestTargetID = 8478D6C11AA75D3D0051E67D;
					};
				};
			};
			buildConfigurationList = 8478D6BD1AA75D3D0051E67D /* Build configuration list for PBXProject "TableHeaderView" */;
			compatibilityVersion = "Xcode 3.2";
			developmentRegion = English;
			hasScannedForEncodings = 0;
			knownRegions = (
				en,
				Base,
			);
			mainGroup = 8478D6B91AA75D3D0051E67D;
			productRefGroup = 8478D6C31AA75D3D0051E67D /* Products */;
			projectDirPath = "";
			projectRoot = "";
			targets = (
				8478D6C11AA75D3D0051E67D /* TableHeaderView */,
				8478D6DA1AA75D3E0051E67D /* TableHeaderViewTests */,
			);
		};
/* End PBXProject section */

/* Begin PBXResourcesBuildPhase section */
		8478D6C01AA75D3D0051E67D /* Resources */ = {
			isa = PBXResourcesBuildPhase;
			buildActionMask = 2147483647;
			files = (
				8478D6D11AA75D3E0051E67D /* Main.storyboard in Resources */,
				8478D6D61AA75D3E0051E67D /* LaunchScreen.xib in Resources */,
				8478D6D31AA75D3E0051E67D /* Images.xcassets in Resources */,
			);
			runOnlyForDeploymentPostprocessing = 0;
		};
		8478D6D91AA75D3E0051E67D /* Resources */ = {
			isa = PBXResourcesBuildPhase;
			buildActionMask = 2147483647;
			files = (
			);
			runOnlyForDeploymentPostprocessing = 0;
		};
/* End PBXResourcesBuildPhase section */

/* Begin PBXSourcesBuildPhase section */
		8478D6BE1AA75D3D0051E67D /* Sources */ = {
			isa = PBXSourcesBuildPhase;
			buildActionMask = 2147483647;
			files = (
				8478D6CE1AA75D3E0051E67D /* ViewController.m in Sources */,
				8478D6CB1AA75D3E0051E67D /* AppDelegate.m in Sources */,
				8478D6C81AA75D3E0051E67D /* main.m in Sources */,
			);
			runOnlyForDeploymentPostprocessing = 0;
		};
		8478D6D71AA75D3E0051E67D /* Sources */ = {
			isa = PBXSourcesBuildPhase;
			buildActionMask = 2147483647;
			files = (
				8478D6E21AA75D3E0051E67D /* TableHeaderViewTests.m in Sources */,
			);
			runOnlyForDeploymentPostprocessing = 0;
		};
/* End PBXSourcesBuildPhase section */

/* Begin PBXTargetDependency section */
		8478D6DD1AA75D3E0051E67D /* PBXTargetDependency */ = {
			isa = PBXTargetDependency;
			target = 8478D6C11AA75D3D0051E67D /* TableHeaderView */;
			targetProxy = 8478D6DC1AA75D3E0051E67D /* PBXContainerItemProxy */;
		};
/* End PBXTargetDependency section */

/* Begin PBXVariantGroup section */
		8478D6CF1AA75D3E0051E67D /* Main.storyboard */ = {
			isa = PBXVariantGroup;
			children = (
				8478D6D01AA75D3E0051E67D /* Base */,
			);
			name = Main.storyboard;
			sourceTree = "<group>";
		};
		8478D6D41AA75D3E0051E67D /* LaunchScreen.xib */ = {
			isa = PBXVariantGroup;
			children = (
				8478D6D51AA75D3E0051E67D /* Base */,
			);
			name = LaunchScreen.xib;
			sourceTree = "<group>";
		};
/* End PBXVariantGroup section */

/* Begin XCBuildConfiguration section */
		8478D6E31AA75D3E0051E67D /* Debug */ = {
			isa = XCBuildConfiguration;
			buildSettings = {
				ALWAYS_SEARCH_USER_PATHS = NO;
				CLANG_CXX_LANGUAGE_STANDARD = "gnu++0x";
				CLANG_CXX_LIBRARY = "libc++";
				CLANG_ENABLE_MODULES = YES;
				CLANG_ENABLE_OBJC_ARC = YES;
				CLANG_WARN_BOOL_CONVERSION = YES;
				CLANG_WARN_CONSTANT_CONVERSION = YES;
				CLANG_WARN_DIRECT_OBJC_ISA_USAGE = YES_ERROR;
				CLANG_WARN_EMPTY_BODY = YES;
				CLANG_WARN_ENUM_CONVERSION = YES;
				CLANG_WARN_INT_CONVERSION = YES;
				CLANG_WARN_OBJC_ROOT_CLASS = YES_ERROR;
				CLANG_WARN_UNREACHABLE_CODE = YES;
				CLANG_WARN__DUPLICATE_METHOD_MATCH = YES;
				"CODE_SIGN_IDENTITY[sdk=iphoneos*]" = "iPhone Developer";
				COPY_PHASE_STRIP = NO;
				ENABLE_STRICT_OBJC_MSGSEND = YES;
				GCC_C_LANGUAGE_STANDARD = gnu99;
				GCC_DYNAMIC_NO_PIC = NO;
				GCC_OPTIMIZATION_LEVEL = 0;
				GCC_PREPROCESSOR_DEFINITIONS = (
					"DEBUG=1",
					"$(inherited)",
				);
				GCC_SYMBOLS_PRIVATE_EXTERN = NO;
				GCC_WARN_64_TO_32_BIT_CONVERSION = YES;
				GCC_WARN_ABOUT_RETURN_TYPE = YES_ERROR;
				GCC_WARN_UNDECLARED_SELECTOR = YES;
				GCC_WARN_UNINITIALIZED_AUTOS = YES_AGGRESSIVE;
				GCC_WARN_UNUSED_FUNCTION = YES;
				GCC_WARN_UNUSED_VARIABLE = YES;
				IPHONEOS_DEPLOYMENT_TARGET = 8.1;
				MTL_ENABLE_DEBUG_INFO = YES;
				ONLY_ACTIVE_ARCH = YES;
				SDKROOT = iphoneos;
				TARGETED_DEVICE_FAMILY = "1,2";
			};
			name = Debug;
		};
		8478D6E41AA75D3E0051E67D /* Release */ = {
			isa = XCBuildConfiguration;
			buildSettings = {
				ALWAYS_SEARCH_USER_PATHS = NO;
				CLANG_CXX_LANGUAGE_STANDARD = "gnu++0x";
				CLANG_CXX_LIBRARY = "libc++";
				CLANG_ENABLE_MODULES = YES;
				CLANG_ENABLE_OBJC_ARC = YES;
				CLANG_WARN_BOOL_CONVERSION = YES;
				CLANG_WARN_CONSTANT_CONVERSION = YES;
				CLANG_WARN_DIRECT_OBJC_ISA_USAGE = YES_ERROR;
				CLANG_WARN_EMPTY_BODY = YES;
				CLANG_WARN_ENUM_CONVERSION = YES;
				CLANG_WARN_INT_CONVERSION = YES;
				CLANG_WARN_OBJC_ROOT_CLASS = YES_ERROR;
				CLANG_WARN_UNREACHABLE_CODE = YES;
				CLANG_WARN__DUPLICATE_METHOD_MATCH = YES;
				"CODE_SIGN_IDENTITY[sdk=iphoneos*]" = "iPhone Developer";
				COPY_PHASE_STRIP = YES;
				ENABLE_NS_ASSERTIONS = NO;
				ENABLE_STRICT_OBJC_MSGSEND = YES;
				GCC_C_LANGUAGE_STANDARD = gnu99;
				GCC_WARN_64_TO_32_BIT_CONVERSION = YES;
				GCC_WARN_ABOUT_RETURN_TYPE = YES_ERROR;
				GCC_WARN_UNDECLARED_SELECTOR = YES;
				GCC_WARN_UNINITIALIZED_AUTOS = YES_AGGRESSIVE;
				GCC_WARN_UNUSED_FUNCTION = YES;
				GCC_WARN_UNUSED_VARIABLE = YES;
				IPHONEOS_DEPLOYMENT_TARGET = 8.1;
				MTL_ENABLE_DEBUG_INFO = NO;
				SDKROOT = iphoneos;
				TARGETED_DEVICE_FAMILY = "1,2";
				VALIDATE_PRODUCT = YES;
			};
			name = Release;
		};
		8478D6E61AA75D3E0051E67D /* Debug */ = {
			isa = XCBuildConfiguration;
			buildSettings = {
				ASSETCATALOG_COMPILER_APPICON_NAME = AppIcon;
				INFOPLIST_FILE = TableHeaderView/Info.plist;
				LD_RUNPATH_SEARCH_PATHS = "$(inherited) @executable_path/Frameworks";
				PRODUCT_NAME = "$(TARGET_NAME)";
			};
			name = Debug;
		};
		8478D6E71AA75D3E0051E67D /* Release */ = {
			isa = XCBuildConfiguration;
			buildSettings = {
				ASSETCATALOG_COMPILER_APPICON_NAME = AppIcon;
				INFOPLIST_FILE = TableHeaderView/Info.plist;
				LD_RUNPATH_SEARCH_PATHS = "$(inherited) @executable_path/Frameworks";
				PRODUCT_NAME = "$(TARGET_NAME)";
			};
			name = Release;
		};
		8478D6E91AA75D3E0051E67D /* Debug */ = {
			isa = XCBuildConfiguration;
			buildSettings = {
				BUNDLE_LOADER = "$(TEST_HOST)";
				FRAMEWORK_SEARCH_PATHS = (
					"$(SDKROOT)/Developer/Library/Frameworks",
					"$(inherited)",
				);
				GCC_PREPROCESSOR_DEFINITIONS = (
					"DEBUG=1",
					"$(inherited)",
				);
				INFOPLIST_FILE = TableHeaderViewTests/Info.plist;
				LD_RUNPATH_SEARCH_PATHS = "$(inherited) @executable_path/Frameworks @loader_path/Frameworks";
				PRODUCT_NAME = "$(TARGET_NAME)";
				TEST_HOST = "$(BUILT_PRODUCTS_DIR)/TableHeaderView.app/TableHeaderView";
			};
			name = Debug;
		};
		8478D6EA1AA75D3E0051E67D /* Release */ = {
			isa = XCBuildConfiguration;
			buildSettings = {
				BUNDLE_LOADER = "$(TEST_HOST)";
				FRAMEWORK_SEARCH_PATHS = (
					"$(SDKROOT)/Developer/Library/Frameworks",
					"$(inherited)",
				);
				INFOPLIST_FILE = TableHeaderViewTests/Info.plist;
				LD_RUNPATH_SEARCH_PATHS = "$(inherited) @executable_path/Frameworks @loader_path/Frameworks";
				PRODUCT_NAME = "$(TARGET_NAME)";
				TEST_HOST = "$(BUILT_PRODUCTS_DIR)/TableHeaderView.app/TableHeaderView";
			};
			name = Release;
		};
/* End XCBuildConfiguration section */

/* Begin XCConfigurationList section */
		8478D6BD1AA75D3D0051E67D /* Build configuration list for PBXProject "TableHeaderView" */ = {
			isa = XCConfigurationList;
			buildConfigurations = (
				8478D6E31AA75D3E0051E67D /* Debug */,
				8478D6E41AA75D3E0051E67D /* Release */,
			);
			defaultConfigurationIsVisible = 0;
			defaultConfigurationName = Release;
		};
		8478D6E51AA75D3E0051E67D /* Build configuration list for PBXNativeTarget "TableHeaderView" */ = {
			isa = XCConfigurationList;
			buildConfigurations = (
				8478D6E61AA75D3E0051E67D /* Debug */,
				8478D6E71AA75D3E0051E67D /* Release */,
			);
			defaultConfigurationIsVisible = 0;
		};
		8478D6E81AA75D3E0051E67D /* Build configuration list for PBXNativeTarget "TableHeaderViewTests" */ = {
			isa = XCConfigurationList;
			buildConfigurations = (
				8478D6E91AA75D3E0051E67D /* Debug */,
				8478D6EA1AA75D3E0051E67D /* Release */,
			);
			defaultConfigurationIsVisible = 0;
		};
/* End XCConfigurationList section */
	};
	rootObject = 8478D6BA1AA75D3D0051E67D /* Project object */;
}
